{
  "nodes": {
    "agenix": {
      "inputs": {
        "darwin": [],
        "home-manager": [
          "home-manager"
        ],
        "nixpkgs": [
          "nixpkgs"
        ]
      },
      "locked": {
        "lastModified": 1684153753,
        "narHash": "sha256-PVbWt3qrjYAK+T5KplFcO+h7aZWfEj1UtyoKlvcDxh0=",
        "owner": "ryantm",
        "repo": "agenix",
        "rev": "db5637d10f797bb251b94ef9040b237f4702cde3",
        "type": "github"
      },
      "original": {
        "owner": "ryantm",
        "repo": "agenix",
        "type": "github"
      }
    },
    "discord_chan": {
      "inputs": {
        "flake-utils": "flake-utils",
        "nixpkgs": [
          "nixpkgs"
        ],
        "starrpkgs": "starrpkgs"
      },
      "locked": {
        "lastModified": 1685826073,
        "narHash": "sha256-6bbiWMTKN21hLw59a6ZGBamK9N0AbwTbVMOWc0/u8XI=",
        "owner": "StarrFox",
        "repo": "Discord-chan",
        "rev": "4a2b7b9c2b44a54d35525a2ec90ef6bda6dcff3a",
        "type": "github"
      },
      "original": {
        "owner": "StarrFox",
        "repo": "Discord-chan",
        "type": "github"
      }
    },
    "flake-compat": {
      "flake": false,
      "locked": {
        "lastModified": 1673956053,
        "narHash": "sha256-4gtG9iQuiKITOjNQQeQIpoIB6b16fm+504Ch3sNKLd8=",
        "owner": "edolstra",
        "repo": "flake-compat",
        "rev": "35bb57c0c8d8b62bbfd284272c928ceb64ddbde9",
        "type": "github"
      },
      "original": {
        "owner": "edolstra",
        "repo": "flake-compat",
        "type": "github"
      }
    },
    "flake-parts": {
      "inputs": {
        "nixpkgs-lib": "nixpkgs-lib"
      },
      "locked": {
        "lastModified": 1685546676,
        "narHash": "sha256-XDbjJyAg6odX5Vj0Q22iI/gQuFvEkv9kamsSbQ+npaI=",
        "owner": "hercules-ci",
        "repo": "flake-parts",
        "rev": "6ef2707776c6379bc727faf3f83c0dd60b06e0c6",
        "type": "github"
      },
      "original": {
        "owner": "hercules-ci",
        "repo": "flake-parts",
        "type": "github"
      }
    },
    "flake-utils": {
      "inputs": {
        "systems": "systems"
      },
      "locked": {
        "lastModified": 1685518550,
        "narHash": "sha256-o2d0KcvaXzTrPRIo0kOLV0/QXHhDQ5DTi+OxcjO8xqY=",
        "owner": "numtide",
        "repo": "flake-utils",
        "rev": "a1720a10a6cfe8234c0e93907ffe81be440f4cef",
        "type": "github"
      },
      "original": {
        "id": "flake-utils",
        "type": "indirect"
      }
    },
    "flake-utils_2": {
      "locked": {
        "lastModified": 1676283394,
        "narHash": "sha256-XX2f9c3iySLCw54rJ/CZs+ZK6IQy7GXNY4nSOyu2QG4=",
        "owner": "numtide",
        "repo": "flake-utils",
        "rev": "3db36a8b464d0c4532ba1c7dda728f4576d6d073",
        "type": "github"
      },
      "original": {
        "owner": "numtide",
        "repo": "flake-utils",
        "type": "github"
      }
    },
    "gomod2nix": {
      "inputs": {
        "nixpkgs": [
          "nix_search",
          "nixpkgs"
        ],
        "utils": [
          "nix_search",
          "flake-utils"
        ]
      },
      "locked": {
        "lastModified": 1662501203,
        "narHash": "sha256-4BKeqCX2zwgBiTdlc2DjGQ0CttKm0vSw0r/bdFdM/PQ=",
        "owner": "nix-community",
        "repo": "gomod2nix",
        "rev": "89cd0675b96775aa3ee86e7c0cf5bc238dd27976",
        "type": "github"
      },
      "original": {
        "owner": "nix-community",
        "repo": "gomod2nix",
        "type": "github"
      }
    },
    "home-manager": {
      "inputs": {
        "nixpkgs": [
          "nixpkgs"
        ]
      },
      "locked": {
        "lastModified": 1685599623,
        "narHash": "sha256-Tob4CMOVHue0D3RzguDBCtUmX5ji2PsdbQDbIOIKvsc=",
        "owner": "nix-community",
        "repo": "home-manager",
        "rev": "93db05480c0c0f30382d3e80779e8386dcb4f9dd",
        "type": "github"
      },
      "original": {
        "owner": "nix-community",
        "ref": "release-23.05",
        "repo": "home-manager",
        "type": "github"
      }
    },
    "nh": {
      "inputs": {
        "flake-parts": "flake-parts",
        "nix-filter": "nix-filter",
        "nixpkgs": "nixpkgs"
      },
      "locked": {
        "lastModified": 1685701733,
        "narHash": "sha256-u3V5J93pWUAGLjeERGzq8homI2Ayu2cDb2p0Spd0XQk=",
        "owner": "ViperML",
        "repo": "nh",
        "rev": "a9fc5c2879400043ca6fca5f0ce1c3293201408e",
        "type": "github"
      },
      "original": {
        "owner": "ViperML",
        "repo": "nh",
        "type": "github"
      }
    },
    "nix-filter": {
      "locked": {
        "lastModified": 1681154353,
        "narHash": "sha256-MCJ5FHOlbfQRFwN0brqPbCunLEVw05D/3sRVoNVt2tI=",
        "owner": "numtide",
        "repo": "nix-filter",
        "rev": "f529f42792ade8e32c4be274af6b6d60857fbee7",
        "type": "github"
      },
      "original": {
        "owner": "numtide",
        "repo": "nix-filter",
        "type": "github"
      }
    },
    "nix_search": {
      "inputs": {
        "flake-compat": "flake-compat",
        "flake-utils": "flake-utils_2",
        "gomod2nix": "gomod2nix",
        "nixpkgs": [
          "nixpkgs"
        ]
      },
      "locked": {
        "lastModified": 1680019255,
        "narHash": "sha256-Dt41rM8GPAivgXD3GpAZBg6lLncTnpPR8/FbjvPdbFk=",
        "owner": "peterldowns",
        "repo": "nix-search-cli",
        "rev": "866017bdb79545a647d70f8af9a417d1da3f0315",
        "type": "github"
      },
      "original": {
        "owner": "peterldowns",
        "repo": "nix-search-cli",
        "type": "github"
      }
    },
    "nixpkgs": {
      "locked": {
        "lastModified": 1685383865,
        "narHash": "sha256-3uQytfnotO6QJv3r04ajSXbEFMII0dUtw0uqYlZ4dbk=",
        "owner": "NixOS",
        "repo": "nixpkgs",
        "rev": "5e871d8aa6f57cc8e0dc087d1c5013f6e212b4ce",
        "type": "github"
      },
      "original": {
        "owner": "NixOS",
        "ref": "nixos-unstable",
        "repo": "nixpkgs",
        "type": "github"
      }
    },
    "nixpkgs-lib": {
      "locked": {
        "dir": "lib",
        "lastModified": 1682879489,
        "narHash": "sha256-sASwo8gBt7JDnOOstnps90K1wxmVfyhsTPPNTGBPjjg=",
        "owner": "NixOS",
        "repo": "nixpkgs",
        "rev": "da45bf6ec7bbcc5d1e14d3795c025199f28e0de0",
        "type": "github"
      },
      "original": {
        "dir": "lib",
        "owner": "NixOS",
        "ref": "nixos-unstable",
        "repo": "nixpkgs",
        "type": "github"
      }
    },
    "nixpkgs-unstable": {
      "locked": {
        "lastModified": 1685655444,
        "narHash": "sha256-6EujQNAeaUkWvpEZZcVF8qSfQrNVWFNNGbUJxv/A5a8=",
        "owner": "nixos",
        "repo": "nixpkgs",
        "rev": "e635192892f5abbc2289eaac3a73cdb249abaefd",
        "type": "github"
      },
      "original": {
        "owner": "nixos",
        "ref": "nixos-unstable",
        "repo": "nixpkgs",
        "type": "github"
      }
    },
    "nixpkgs_2": {
      "locked": {
        "lastModified": 1685716800,
        "narHash": "sha256-b6RpYRRsv6Wwl9XG2sjLvqKdkPMvqQqgtiGJHAIyGSw=",
        "owner": "nixos",
        "repo": "nixpkgs",
        "rev": "f3d743463920751eb092930d06e700981398332a",
        "type": "github"
      },
      "original": {
        "owner": "nixos",
        "ref": "nixos-23.05",
        "repo": "nixpkgs",
        "type": "github"
      }
    },
    "root": {
      "inputs": {
        "agenix": "agenix",
        "discord_chan": "discord_chan",
        "home-manager": "home-manager",
        "nh": "nh",
        "nix_search": "nix_search",
        "nixpkgs": "nixpkgs_2",
        "nixpkgs-unstable": "nixpkgs-unstable"
      }
    },
    "starrpkgs": {
      "inputs": {
        "nixpkgs": [
          "discord_chan",
          "nixpkgs"
        ]
      },
      "locked": {
        "lastModified": 1685281348,
        "narHash": "sha256-y30iYjihFKoxSMP/H3Hj4ikbuosJ6Df893vbpI0h4nc=",
        "owner": "StarrFox",
        "repo": "packages",
        "rev": "5bd311560e62a6bf7679f8c1d956b9d2ba856de5",
        "type": "github"
      },
      "original": {
        "owner": "StarrFox",
        "repo": "packages",
        "type": "github"
      }
    },
    "systems": {
      "locked": {
        "lastModified": 1681028828,
        "narHash": "sha256-Vy1rq5AaRuLzOxct8nz4T6wlgyUR7zLU309k9mBC768=",
        "owner": "nix-systems",
        "repo": "default",
        "rev": "da67096a3b9bf56a91d16901293e51ba5b49a27e",
        "type": "github"
      },
      "original": {
        "owner": "nix-systems",
        "repo": "default",
        "type": "github"
      }
    }
  },
  "root": "root",
  "version": 7
}
